
Microsoft Visual Studio Solution File, Format Version 12.00
# Visual Studio Version 16
VisualStudioVersion = 16.0.30413.136
MinimumVisualStudioVersion = 10.0.40219.1
Project("{FAE04EC0-301F-11D3-BF4B-00C04F79EFBC}") = "FirstProgram", "FirstProgram\FirstProgram.csproj", "{A8D874A4-918D-46B4-83DF-C0463CE1D357}"
EndProject
Global
	GlobalSection(SolutionConfigurationPlatforms) = preSolution
		Debug|Any CPU = Debug|Any CPU
		Release|Any CPU = Release|Any CPU
	EndGlobalSection
	GlobalSection(ProjectConfigurationPlatforms) = postSolution
		{A8D874A4-918D-46B4-83DF-C0463CE1D357}.Debug|Any CPU.ActiveCfg = Debug|Any CPU
		{A8D874A4-918D-46B4-83DF-C0463CE1D357}.Debug|Any CPU.Build.0 = Debug|Any CPU
		{A8D874A4-918D-46B4-83DF-C0463CE1D357}.Release|Any CPU.ActiveCfg = Release|Any CPU
		{A8D874A4-918D-46B4-83DF-C0463CE1D357}.Release|Any CPU.Build.0 = Release|Any CPU
	EndGlobalSection
	GlobalSection(SolutionProperties) = preSolution
		HideSolutionNode = FALSE
	EndGlobalSection
	GlobalSection(ExtensibilityGlobals) = postSolution
		SolutionGuid = {C5D3FF1F-98E0-49E9-9AA6-1282947064B1}
	EndGlobalSection
EndGlobal
